// !$*UTF8*$!
{
	archiveVersion = 1;
	classes = {
	};
	objectVersion = 46;
	objects = {

/* Begin PBXBuildFile section */
		A74C17981DDBFDF900A3B899 /* main.m in Sources */ = {isa = PBXBuildFile; fileRef = A74C17971DDBFDF900A3B899 /* main.m */; };
		A74C179B1DDBFDF900A3B899 /* AppDelegate.m in Sources */ = {isa = PBXBuildFile; fileRef = A74C179A1DDBFDF900A3B899 /* AppDelegate.m */; };
		A74C17A31DDBFDF900A3B899 /* Assets.xcassets in Resources */ = {isa = PBXBuildFile; fileRef = A74C17A21DDBFDF900A3B899 /* Assets.xcassets */; };
		A74C17A61DDBFDF900A3B899 /* LaunchScreen.storyboard in Resources */ = {isa = PBXBuildFile; fileRef = A74C17A41DDBFDF900A3B899 /* LaunchScreen.storyboard */; };
		A74C17B11DDBFDF900A3B899 /* ____NavigationTests.m in Sources */ = {isa = PBXBuildFile; fileRef = A74C17B01DDBFDF900A3B899 /* ____NavigationTests.m */; };
		A74C17BC1DDBFDF900A3B899 /* ____NavigationUITests.m in Sources */ = {isa = PBXBuildFile; fileRef = A74C17BB1DDBFDF900A3B899 /* ____NavigationUITests.m */; };
		A74C17CB1DDBFEDF00A3B899 /* BaseNavigationController.m in Sources */ = {isa = PBXBuildFile; fileRef = A74C17CA1DDBFEDF00A3B899 /* BaseNavigationController.m */; };
		A74C17CE1DDC00CC00A3B899 /* MaintabbarController.m in Sources */ = {isa = PBXBuildFile; fileRef = A74C17CD1DDC00CC00A3B899 /* MaintabbarController.m */; };
		A74C17D11DDC013900A3B899 /* VC1.m in Sources */ = {isa = PBXBuildFile; fileRef = A74C17D01DDC013900A3B899 /* VC1.m */; };
		A74C17D41DDC014300A3B899 /* VC2.m in Sources */ = {isa = PBXBuildFile; fileRef = A74C17D31DDC014300A3B899 /* VC2.m */; };
		A74C17D71DDC014D00A3B899 /* VC3.m in Sources */ = {isa = PBXBuildFile; fileRef = A74C17D61DDC014D00A3B899 /* VC3.m */; };
		A74C17DA1DDC286800A3B899 /* ActionBar.m in Sources */ = {isa = PBXBuildFile; fileRef = A74C17D91DDC286800A3B899 /* ActionBar.m */; };
		A74C17DD1DDC28DB00A3B899 /* AppUtils.m in Sources */ = {isa = PBXBuildFile; fileRef = A74C17DC1DDC28DB00A3B899 /* AppUtils.m */; };
		A74C17F91DDC2A1A00A3B899 /* Info.plist in Resources */ = {isa = PBXBuildFile; fileRef = A74C17DF1DDC2A1900A3B899 /* Info.plist */; };
		A74C17FA1DDC2A1A00A3B899 /* MASCompositeConstraint.m in Sources */ = {isa = PBXBuildFile; fileRef = A74C17E11DDC2A1900A3B899 /* MASCompositeConstraint.m */; };
		A74C17FB1DDC2A1A00A3B899 /* MASConstraint.m in Sources */ = {isa = PBXBuildFile; fileRef = A74C17E41DDC2A1900A3B899 /* MASConstraint.m */; };
		A74C17FC1DDC2A1A00A3B899 /* MASConstraintMaker.m in Sources */ = {isa = PBXBuildFile; fileRef = A74C17E61DDC2A1900A3B899 /* MASConstraintMaker.m */; };
		A74C17FD1DDC2A1A00A3B899 /* MASLayoutConstraint.m in Sources */ = {isa = PBXBuildFile; fileRef = A74C17E81DDC2A1A00A3B899 /* MASLayoutConstraint.m */; };
		A74C17FE1DDC2A1A00A3B899 /* MASViewAttribute.m in Sources */ = {isa = PBXBuildFile; fileRef = A74C17EC1DDC2A1A00A3B899 /* MASViewAttribute.m */; };
		A74C17FF1DDC2A1A00A3B899 /* MASViewConstraint.m in Sources */ = {isa = PBXBuildFile; fileRef = A74C17EE1DDC2A1A00A3B899 /* MASViewConstraint.m */; };
		A74C18001DDC2A1A00A3B899 /* NSArray+MASAdditions.m in Sources */ = {isa = PBXBuildFile; fileRef = A74C17F01DDC2A1A00A3B899 /* NSArray+MASAdditions.m */; };
		A74C18011DDC2A1A00A3B899 /* NSLayoutConstraint+MASDebugAdditions.m in Sources */ = {isa = PBXBuildFile; fileRef = A74C17F31DDC2A1A00A3B899 /* NSLayoutConstraint+MASDebugAdditions.m */; };
		A74C18021DDC2A1A00A3B899 /* View+MASAdditions.m in Sources */ = {isa = PBXBuildFile; fileRef = A74C17F51DDC2A1A00A3B899 /* View+MASAdditions.m */; };
		A74C18031DDC2A1A00A3B899 /* ViewController+MASAdditions.m in Sources */ = {isa = PBXBuildFile; fileRef = A74C17F81DDC2A1A00A3B899 /* ViewController+MASAdditions.m */; };
		A74C180C1DDC663800A3B899 /* PushVC.m in Sources */ = {isa = PBXBuildFile; fileRef = A74C180B1DDC663800A3B899 /* PushVC.m */; };
		A74C180F1DDD420600A3B899 /* Device.m in Sources */ = {isa = PBXBuildFile; fileRef = A74C180E1DDD420600A3B899 /* Device.m */; };
/* End PBXBuildFile section */

/* Begin PBXContainerItemProxy section */
		A74C17AD1DDBFDF900A3B899 /* PBXContainerItemProxy */ = {
			isa = PBXContainerItemProxy;
			containerPortal = A74C178B1DDBFDF900A3B899 /* Project object */;
			proxyType = 1;
			remoteGlobalIDString = A74C17921DDBFDF900A3B899;
			remoteInfo = "测试使用Navigation";
		};
		A74C17B81DDBFDF900A3B899 /* PBXContainerItemProxy */ = {
			isa = PBXContainerItemProxy;
			containerPortal = A74C178B1DDBFDF900A3B899 /* Project object */;
			proxyType = 1;
			remoteGlobalIDString = A74C17921DDBFDF900A3B899;
			remoteInfo = "测试使用Navigation";
		};
/* End PBXContainerItemProxy section */

/* Begin PBXFileReference section */
		A74C17931DDBFDF900A3B899 /* 测试使用Navigation.app */ = {isa = PBXFileReference; explicitFileType = wrapper.application; includeInIndex = 0; path = "测试使用Navigation.app"; sourceTree = BUILT_PRODUCTS_DIR; };
		A74C17971DDBFDF900A3B899 /* main.m */ = {isa = PBXFileReference; lastKnownFileType = sourcecode.c.objc; path = main.m; sourceTree = "<group>"; };
		A74C17991DDBFDF900A3B899 /* AppDelegate.h */ = {isa = PBXFileReference; lastKnownFileType = sourcecode.c.h; path = AppDelegate.h; sourceTree = "<group>"; };
		A74C179A1DDBFDF900A3B899 /* AppDelegate.m */ = {isa = PBXFileReference; lastKnownFileType = sourcecode.c.objc; path = AppDelegate.m; sourceTree = "<group>"; };
		A74C17A21DDBFDF900A3B899 /* Assets.xcassets */ = {isa = PBXFileReference; lastKnownFileType = folder.assetcatalog; path = Assets.xcassets; sourceTree = "<group>"; };
		A74C17A51DDBFDF900A3B899 /* Base */ = {isa = PBXFileReference; lastKnownFileType = file.storyboard; name = Base; path = Base.lproj/LaunchScreen.storyboard; sourceTree = "<group>"; };
		A74C17A71DDBFDF900A3B899 /* Info.plist */ = {isa = PBXFileReference; lastKnownFileType = text.plist.xml; path = Info.plist; sourceTree = "<group>"; };
		A74C17AC1DDBFDF900A3B899 /* 测试使用NavigationTests.xctest */ = {isa = PBXFileReference; explicitFileType = wrapper.cfbundle; includeInIndex = 0; path = "测试使用NavigationTests.xctest"; sourceTree = BUILT_PRODUCTS_DIR; };
		A74C17B01DDBFDF900A3B899 /* ____NavigationTests.m */ = {isa = PBXFileReference; lastKnownFileType = sourcecode.c.objc; path = "____NavigationTests.m"; sourceTree = "<group>"; };
		A74C17B21DDBFDF900A3B899 /* Info.plist */ = {isa = PBXFileReference; lastKnownFileType = text.plist.xml; path = Info.plist; sourceTree = "<group>"; };
		A74C17B71DDBFDF900A3B899 /* 测试使用NavigationUITests.xctest */ = {isa = PBXFileReference; explicitFileType = wrapper.cfbundle; includeInIndex = 0; path = "测试使用NavigationUITests.xctest"; sourceTree = BUILT_PRODUCTS_DIR; };
		A74C17BB1DDBFDF900A3B899 /* ____NavigationUITests.m */ = {isa = PBXFileReference; lastKnownFileType = sourcecode.c.objc; path = "____NavigationUITests.m"; sourceTree = "<group>"; };
		A74C17BD1DDBFDF900A3B899 /* Info.plist */ = {isa = PBXFileReference; lastKnownFileType = text.plist.xml; path = Info.plist; sourceTree = "<group>"; };
		A74C17C91DDBFEDF00A3B899 /* BaseNavigationController.h */ = {isa = PBXFileReference; fileEncoding = 4; lastKnownFileType = sourcecode.c.h; path = BaseNavigationController.h; sourceTree = "<group>"; };
		A74C17CA1DDBFEDF00A3B899 /* BaseNavigationController.m */ = {isa = PBXFileReference; fileEncoding = 4; lastKnownFileType = sourcecode.c.objc; path = BaseNavigationController.m; sourceTree = "<group>"; };
		A74C17CC1DDC00CC00A3B899 /* MaintabbarController.h */ = {isa = PBXFileReference; fileEncoding = 4; lastKnownFileType = sourcecode.c.h; path = MaintabbarController.h; sourceTree = "<group>"; };
		A74C17CD1DDC00CC00A3B899 /* MaintabbarController.m */ = {isa = PBXFileReference; fileEncoding = 4; lastKnownFileType = sourcecode.c.objc; path = MaintabbarController.m; sourceTree = "<group>"; };
		A74C17CF1DDC013900A3B899 /* VC1.h */ = {isa = PBXFileReference; fileEncoding = 4; lastKnownFileType = sourcecode.c.h; path = VC1.h; sourceTree = "<group>"; };
		A74C17D01DDC013900A3B899 /* VC1.m */ = {isa = PBXFileReference; fileEncoding = 4; lastKnownFileType = sourcecode.c.objc; path = VC1.m; sourceTree = "<group>"; };
		A74C17D21DDC014300A3B899 /* VC2.h */ = {isa = PBXFileReference; fileEncoding = 4; lastKnownFileType = sourcecode.c.h; path = VC2.h; sourceTree = "<group>"; };
		A74C17D31DDC014300A3B899 /* VC2.m */ = {isa = PBXFileReference; fileEncoding = 4; lastKnownFileType = sourcecode.c.objc; path = VC2.m; sourceTree = "<group>"; };
		A74C17D51DDC014D00A3B899 /* VC3.h */ = {isa = PBXFileReference; fileEncoding = 4; lastKnownFileType = sourcecode.c.h; path = VC3.h; sourceTree = "<group>"; };
		A74C17D61DDC014D00A3B899 /* VC3.m */ = {isa = PBXFileReference; fileEncoding = 4; lastKnownFileType = sourcecode.c.objc; path = VC3.m; sourceTree = "<group>"; };
		A74C17D81DDC286800A3B899 /* ActionBar.h */ = {isa = PBXFileReference; fileEncoding = 4; lastKnownFileType = sourcecode.c.h; path = ActionBar.h; sourceTree = "<group>"; };
		A74C17D91DDC286800A3B899 /* ActionBar.m */ = {isa = PBXFileReference; fileEncoding = 4; lastKnownFileType = sourcecode.c.objc; path = ActionBar.m; sourceTree = "<group>"; };
		A74C17DB1DDC28DB00A3B899 /* AppUtils.h */ = {isa = PBXFileReference; fileEncoding = 4; lastKnownFileType = sourcecode.c.h; path = AppUtils.h; sourceTree = "<group>"; };
		A74C17DC1DDC28DB00A3B899 /* AppUtils.m */ = {isa = PBXFileReference; fileEncoding = 4; lastKnownFileType = sourcecode.c.objc; path = AppUtils.m; sourceTree = "<group>"; };
		A74C17DF1DDC2A1900A3B899 /* Info.plist */ = {isa = PBXFileReference; fileEncoding = 4; lastKnownFileType = text.plist.xml; path = Info.plist; sourceTree = "<group>"; };
		A74C17E01DDC2A1900A3B899 /* MASCompositeConstraint.h */ = {isa = PBXFileReference; fileEncoding = 4; lastKnownFileType = sourcecode.c.h; path = MASCompositeConstraint.h; sourceTree = "<group>"; };
		A74C17E11DDC2A1900A3B899 /* MASCompositeConstraint.m */ = {isa = PBXFileReference; fileEncoding = 4; lastKnownFileType = sourcecode.c.objc; path = MASCompositeConstraint.m; sourceTree = "<group>"; };
		A74C17E21DDC2A1900A3B899 /* MASConstraint+Private.h */ = {isa = PBXFileReference; fileEncoding = 4; lastKnownFileType = sourcecode.c.h; path = "MASConstraint+Private.h"; sourceTree = "<group>"; };
		A74C17E31DDC2A1900A3B899 /* MASConstraint.h */ = {isa = PBXFileReference; fileEncoding = 4; lastKnownFileType = sourcecode.c.h; path = MASConstraint.h; sourceTree = "<group>"; };
		A74C17E41DDC2A1900A3B899 /* MASConstraint.m */ = {isa = PBXFileReference; fileEncoding = 4; lastKnownFileType = sourcecode.c.objc; path = MASConstraint.m; sourceTree = "<group>"; };
		A74C17E51DDC2A1900A3B899 /* MASConstraintMaker.h */ = {isa = PBXFileReference; fileEncoding = 4; lastKnownFileType = sourcecode.c.h; path = MASConstraintMaker.h; sourceTree = "<group>"; };
		A74C17E61DDC2A1900A3B899 /* MASConstraintMaker.m */ = {isa = PBXFileReference; fileEncoding = 4; lastKnownFileType = sourcecode.c.objc; path = MASConstraintMaker.m; sourceTree = "<group>"; };
		A74C17E71DDC2A1A00A3B899 /* MASLayoutConstraint.h */ = {isa = PBXFileReference; fileEncoding = 4; lastKnownFileType = sourcecode.c.h; path = MASLayoutConstraint.h; sourceTree = "<group>"; };
		A74C17E81DDC2A1A00A3B899 /* MASLayoutConstraint.m */ = {isa = PBXFileReference; fileEncoding = 4; lastKnownFileType = sourcecode.c.objc; path = MASLayoutConstraint.m; sourceTree = "<group>"; };
		A74C17E91DDC2A1A00A3B899 /* Masonry.h */ = {isa = PBXFileReference; fileEncoding = 4; lastKnownFileType = sourcecode.c.h; path = Masonry.h; sourceTree = "<group>"; };
		A74C17EA1DDC2A1A00A3B899 /* MASUtilities.h */ = {isa = PBXFileReference; fileEncoding = 4; lastKnownFileType = sourcecode.c.h; path = MASUtilities.h; sourceTree = "<group>"; };
		A74C17EB1DDC2A1A00A3B899 /* MASViewAttribute.h */ = {isa = PBXFileReference; fileEncoding = 4; lastKnownFileType = sourcecode.c.h; path = MASViewAttribute.h; sourceTree = "<group>"; };
		A74C17EC1DDC2A1A00A3B899 /* MASViewAttribute.m */ = {isa = PBXFileReference; fileEncoding = 4; lastKnownFileType = sourcecode.c.objc; path = MASViewAttribute.m; sourceTree = "<group>"; };
		A74C17ED1DDC2A1A00A3B899 /* MASViewConstraint.h */ = {isa = PBXFileReference; fileEncoding = 4; lastKnownFileType = sourcecode.c.h; path = MASViewConstraint.h; sourceTree = "<group>"; };
		A74C17EE1DDC2A1A00A3B899 /* MASViewConstraint.m */ = {isa = PBXFileReference; fileEncoding = 4; lastKnownFileType = sourcecode.c.objc; path = MASViewConstraint.m; sourceTree = "<group>"; };
		A74C17EF1DDC2A1A00A3B899 /* NSArray+MASAdditions.h */ = {isa = PBXFileReference; fileEncoding = 4; lastKnownFileType = sourcecode.c.h; path = "NSArray+MASAdditions.h"; sourceTree = "<group>"; };
		A74C17F01DDC2A1A00A3B899 /* NSArray+MASAdditions.m */ = {isa = PBXFileReference; fileEncoding = 4; lastKnownFileType = sourcecode.c.objc; path = "NSArray+MASAdditions.m"; sourceTree = "<group>"; };
		A74C17F11DDC2A1A00A3B899 /* NSArray+MASShorthandAdditions.h */ = {isa = PBXFileReference; fileEncoding = 4; lastKnownFileType = sourcecode.c.h; path = "NSArray+MASShorthandAdditions.h"; sourceTree = "<group>"; };
		A74C17F21DDC2A1A00A3B899 /* NSLayoutConstraint+MASDebugAdditions.h */ = {isa = PBXFileReference; fileEncoding = 4; lastKnownFileType = sourcecode.c.h; path = "NSLayoutConstraint+MASDebugAdditions.h"; sourceTree = "<group>"; };
		A74C17F31DDC2A1A00A3B899 /* NSLayoutConstraint+MASDebugAdditions.m */ = {isa = PBXFileReference; fileEncoding = 4; lastKnownFileType = sourcecode.c.objc; path = "NSLayoutConstraint+MASDebugAdditions.m"; sourceTree = "<group>"; };
		A74C17F41DDC2A1A00A3B899 /* View+MASAdditions.h */ = {isa = PBXFileReference; fileEncoding = 4; lastKnownFileType = sourcecode.c.h; path = "View+MASAdditions.h"; sourceTree = "<group>"; };
		A74C17F51DDC2A1A00A3B899 /* View+MASAdditions.m */ = {isa = PBXFileReference; fileEncoding = 4; lastKnownFileType = sourcecode.c.objc; path = "View+MASAdditions.m"; sourceTree = "<group>"; };
		A74C17F61DDC2A1A00A3B899 /* View+MASShorthandAdditions.h */ = {isa = PBXFileReference; fileEncoding = 4; lastKnownFileType = sourcecode.c.h; path = "View+MASShorthandAdditions.h"; sourceTree = "<group>"; };
		A74C17F71DDC2A1A00A3B899 /* ViewController+MASAdditions.h */ = {isa = PBXFileReference; fileEncoding = 4; lastKnownFileType = sourcecode.c.h; path = "ViewController+MASAdditions.h"; sourceTree = "<group>"; };
		A74C17F81DDC2A1A00A3B899 /* ViewController+MASAdditions.m */ = {isa = PBXFileReference; fileEncoding = 4; lastKnownFileType = sourcecode.c.objc; path = "ViewController+MASAdditions.m"; sourceTree = "<group>"; };
		A74C180A1DDC663800A3B899 /* PushVC.h */ = {isa = PBXFileReference; fileEncoding = 4; lastKnownFileType = sourcecode.c.h; path = PushVC.h; sourceTree = "<group>"; };
		A74C180B1DDC663800A3B899 /* PushVC.m */ = {isa = PBXFileReference; fileEncoding = 4; lastKnownFileType = sourcecode.c.objc; path = PushVC.m; sourceTree = "<group>"; };
		A74C180D1DDD420600A3B899 /* Device.h */ = {isa = PBXFileReference; fileEncoding = 4; lastKnownFileType = sourcecode.c.h; path = Device.h; sourceTree = "<group>"; };
		A74C180E1DDD420600A3B899 /* Device.m */ = {isa = PBXFileReference; fileEncoding = 4; lastKnownFileType = sourcecode.c.objc; path = Device.m; sourceTree = "<group>"; };
/* End PBXFileReference section */

/* Begin PBXFrameworksBuildPhase section */
		A74C17901DDBFDF900A3B899 /* Frameworks */ = {
			isa = PBXFrameworksBuildPhase;
			buildActionMask = 2147483647;
			files = (
			);
			runOnlyForDeploymentPostprocessing = 0;
		};
		A74C17A91DDBFDF900A3B899 /* Frameworks */ = {
			isa = PBXFrameworksBuildPhase;
			buildActionMask = 2147483647;
			files = (
			);
			runOnlyForDeploymentPostprocessing = 0;
		};
		A74C17B41DDBFDF900A3B899 /* Frameworks */ = {
			isa = PBXFrameworksBuildPhase;
			buildActionMask = 2147483647;
			files = (
			);
			runOnlyForDeploymentPostprocessing = 0;
		};
/* End PBXFrameworksBuildPhase section */

/* Begin PBXGroup section */
		A74C178A1DDBFDF900A3B899 = {
			isa = PBXGroup;
			children = (
				A74C17DE1DDC2A1900A3B899 /* Masonry */,
				A74C17951DDBFDF900A3B899 /* 测试使用Navigation */,
				A74C17AF1DDBFDF900A3B899 /* 测试使用NavigationTests */,
				A74C17BA1DDBFDF900A3B899 /* 测试使用NavigationUITests */,
				A74C17941DDBFDF900A3B899 /* Products */,
			);
			sourceTree = "<group>";
		};
		A74C17941DDBFDF900A3B899 /* Products */ = {
			isa = PBXGroup;
			children = (
				A74C17931DDBFDF900A3B899 /* 测试使用Navigation.app */,
				A74C17AC1DDBFDF900A3B899 /* 测试使用NavigationTests.xctest */,
				A74C17B71DDBFDF900A3B899 /* 测试使用NavigationUITests.xctest */,
			);
			name = Products;
			sourceTree = "<group>";
		};
		A74C17951DDBFDF900A3B899 /* 测试使用Navigation */ = {
			isa = PBXGroup;
			children = (
				A74C17991DDBFDF900A3B899 /* AppDelegate.h */,
				A74C179A1DDBFDF900A3B899 /* AppDelegate.m */,
				A74C17C91DDBFEDF00A3B899 /* BaseNavigationController.h */,
				A74C17CA1DDBFEDF00A3B899 /* BaseNavigationController.m */,
				A74C17CC1DDC00CC00A3B899 /* MaintabbarController.h */,
				A74C17CD1DDC00CC00A3B899 /* MaintabbarController.m */,
				A74C180D1DDD420600A3B899 /* Device.h */,
				A74C180E1DDD420600A3B899 /* Device.m */,
				A74C17CF1DDC013900A3B899 /* VC1.h */,
				A74C17D01DDC013900A3B899 /* VC1.m */,
				A74C17D21DDC014300A3B899 /* VC2.h */,
				A74C17D31DDC014300A3B899 /* VC2.m */,
				A74C17D51DDC014D00A3B899 /* VC3.h */,
				A74C17D61DDC014D00A3B899 /* VC3.m */,
				A74C180A1DDC663800A3B899 /* PushVC.h */,
				A74C180B1DDC663800A3B899 /* PushVC.m */,
				A74C17D81DDC286800A3B899 /* ActionBar.h */,
				A74C17D91DDC286800A3B899 /* ActionBar.m */,
				A74C17DB1DDC28DB00A3B899 /* AppUtils.h */,
				A74C17DC1DDC28DB00A3B899 /* AppUtils.m */,
				A74C17A21DDBFDF900A3B899 /* Assets.xcassets */,
				A74C17A41DDBFDF900A3B899 /* LaunchScreen.storyboard */,
				A74C17A71DDBFDF900A3B899 /* Info.plist */,
				A74C17961DDBFDF900A3B899 /* Supporting Files */,
			);
			path = "测试使用Navigation";
			sourceTree = "<group>";
		};
		A74C17961DDBFDF900A3B899 /* Supporting Files */ = {
			isa = PBXGroup;
			children = (
				A74C17971DDBFDF900A3B899 /* main.m */,
			);
			name = "Supporting Files";
			sourceTree = "<group>";
		};
		A74C17AF1DDBFDF900A3B899 /* 测试使用NavigationTests */ = {
			isa = PBXGroup;
			children = (
				A74C17B01DDBFDF900A3B899 /* ____NavigationTests.m */,
				A74C17B21DDBFDF900A3B899 /* Info.plist */,
			);
			path = "测试使用NavigationTests";
			sourceTree = "<group>";
		};
		A74C17BA1DDBFDF900A3B899 /* 测试使用NavigationUITests */ = {
			isa = PBXGroup;
			children = (
				A74C17BB1DDBFDF900A3B899 /* ____NavigationUITests.m */,
				A74C17BD1DDBFDF900A3B899 /* Info.plist */,
			);
			path = "测试使用NavigationUITests";
			sourceTree = "<group>";
		};
		A74C17DE1DDC2A1900A3B899 /* Masonry */ = {
			isa = PBXGroup;
			children = (
				A74C17DF1DDC2A1900A3B899 /* Info.plist */,
				A74C17E01DDC2A1900A3B899 /* MASCompositeConstraint.h */,
				A74C17E11DDC2A1900A3B899 /* MASCompositeConstraint.m */,
				A74C17E21DDC2A1900A3B899 /* MASConstraint+Private.h */,
				A74C17E31DDC2A1900A3B899 /* MASConstraint.h */,
				A74C17E41DDC2A1900A3B899 /* MASConstraint.m */,
				A74C17E51DDC2A1900A3B899 /* MASConstraintMaker.h */,
				A74C17E61DDC2A1900A3B899 /* MASConstraintMaker.m */,
				A74C17E71DDC2A1A00A3B899 /* MASLayoutConstraint.h */,
				A74C17E81DDC2A1A00A3B899 /* MASLayoutConstraint.m */,
				A74C17E91DDC2A1A00A3B899 /* Masonry.h */,
				A74C17EA1DDC2A1A00A3B899 /* MASUtilities.h */,
				A74C17EB1DDC2A1A00A3B899 /* MASViewAttribute.h */,
				A74C17EC1DDC2A1A00A3B899 /* MASViewAttribute.m */,
				A74C17ED1DDC2A1A00A3B899 /* MASViewConstraint.h */,
				A74C17EE1DDC2A1A00A3B899 /* MASViewConstraint.m */,
				A74C17EF1DDC2A1A00A3B899 /* NSArray+MASAdditions.h */,
				A74C17F01DDC2A1A00A3B899 /* NSArray+MASAdditions.m */,
				A74C17F11DDC2A1A00A3B899 /* NSArray+MASShorthandAdditions.h */,
				A74C17F21DDC2A1A00A3B899 /* NSLayoutConstraint+MASDebugAdditions.h */,
				A74C17F31DDC2A1A00A3B899 /* NSLayoutConstraint+MASDebugAdditions.m */,
				A74C17F41DDC2A1A00A3B899 /* View+MASAdditions.h */,
				A74C17F51DDC2A1A00A3B899 /* View+MASAdditions.m */,
				A74C17F61DDC2A1A00A3B899 /* View+MASShorthandAdditions.h */,
				A74C17F71DDC2A1A00A3B899 /* ViewController+MASAdditions.h */,
				A74C17F81DDC2A1A00A3B899 /* ViewController+MASAdditions.m */,
			);
			name = Masonry;
			path = "测试使用Navigation/Masonry";
			sourceTree = "<group>";
		};
/* End PBXGroup section */

/* Begin PBXNativeTarget section */
		A74C17921DDBFDF900A3B899 /* 测试使用Navigation */ = {
			isa = PBXNativeTarget;
			buildConfigurationList = A74C17C01DDBFDF900A3B899 /* Build configuration list for PBXNativeTarget "测试使用Navigation" */;
			buildPhases = (
				A74C178F1DDBFDF900A3B899 /* Sources */,
				A74C17901DDBFDF900A3B899 /* Frameworks */,
				A74C17911DDBFDF900A3B899 /* Resources */,
			);
			buildRules = (
			);
			dependencies = (
			);
			name = "测试使用Navigation";
			productName = "测试使用Navigation";
			productReference = A74C17931DDBFDF900A3B899 /* 测试使用Navigation.app */;
			productType = "com.apple.product-type.application";
		};
		A74C17AB1DDBFDF900A3B899 /* 测试使用NavigationTests */ = {
			isa = PBXNativeTarget;
			buildConfigurationList = A74C17C31DDBFDF900A3B899 /* Build configuration list for PBXNativeTarget "测试使用NavigationTests" */;
			buildPhases = (
				A74C17A81DDBFDF900A3B899 /* Sources */,
				A74C17A91DDBFDF900A3B899 /* Frameworks */,
				A74C17AA1DDBFDF900A3B899 /* Resources */,
			);
			buildRules = (
			);
			dependencies = (
				A74C17AE1DDBFDF900A3B899 /* PBXTargetDependency */,
			);
			name = "测试使用NavigationTests";
			productName = "测试使用NavigationTests";
			productReference = A74C17AC1DDBFDF900A3B899 /* 测试使用NavigationTests.xctest */;
			productType = "com.apple.product-type.bundle.unit-test";
		};
		A74C17B61DDBFDF900A3B899 /* 测试使用NavigationUITests */ = {
			isa = PBXNativeTarget;
			buildConfigurationList = A74C17C61DDBFDF900A3B899 /* Build configuration list for PBXNativeTarget "测试使用NavigationUITests" */;
			buildPhases = (
				A74C17B31DDBFDF900A3B899 /* Sources */,
				A74C17B41DDBFDF900A3B899 /* Frameworks */,
				A74C17B51DDBFDF900A3B899 /* Resources */,
			);
			buildRules = (
			);
			dependencies = (
				A74C17B91DDBFDF900A3B899 /* PBXTargetDependency */,
			);
			name = "测试使用NavigationUITests";
			productName = "测试使用NavigationUITests";
			productReference = A74C17B71DDBFDF900A3B899 /* 测试使用NavigationUITests.xctest */;
			productType = "com.apple.product-type.bundle.ui-testing";
		};
/* End PBXNativeTarget section */

/* Begin PBXProject section */
		A74C178B1DDBFDF900A3B899 /* Project object */ = {
			isa = PBXProject;
			attributes = {
				LastUpgradeCheck = 0810;
				ORGANIZATIONNAME = vsKing;
				TargetAttributes = {
					A74C17921DDBFDF900A3B899 = {
						CreatedOnToolsVersion = 8.1;
						DevelopmentTeam = U54J3QSAHN;
						ProvisioningStyle = Automatic;
					};
					A74C17AB1DDBFDF900A3B899 = {
						CreatedOnToolsVersion = 8.1;
						DevelopmentTeam = U54J3QSAHN;
						ProvisioningStyle = Automatic;
						TestTargetID = A74C17921DDBFDF900A3B899;
					};
					A74C17B61DDBFDF900A3B899 = {
						CreatedOnToolsVersion = 8.1;
						DevelopmentTeam = U54J3QSAHN;
						ProvisioningStyle = Automatic;
						TestTargetID = A74C17921DDBFDF900A3B899;
					};
				};
			};
			buildConfigurationList = A74C178E1DDBFDF900A3B899 /* Build configuration list for PBXProject "测试使用Navigation" */;
			compatibilityVersion = "Xcode 3.2";
			developmentRegion = English;
			hasScannedForEncodings = 0;
			knownRegions = (
				en,
				Base,
			);
			mainGroup = A74C178A1DDBFDF900A3B899;
			productRefGroup = A74C17941DDBFDF900A3B899 /* Products */;
			projectDirPath = "";
			projectRoot = "";
			targets = (
				A74C17921DDBFDF900A3B899 /* 测试使用Navigation */,
				A74C17AB1DDBFDF900A3B899 /* 测试使用NavigationTests */,
				A74C17B61DDBFDF900A3B899 /* 测试使用NavigationUITests */,
			);
		};
/* End PBXProject section */

/* Begin PBXResourcesBuildPhase section */
		A74C17911DDBFDF900A3B899 /* Resources */ = {
			isa = PBXResourcesBuildPhase;
			buildActionMask = 2147483647;
			files = (
				A74C17F91DDC2A1A00A3B899 /* Info.plist in Resources */,
				A74C17A61DDBFDF900A3B899 /* LaunchScreen.storyboard in Resources */,
				A74C17A31DDBFDF900A3B899 /* Assets.xcassets in Resources */,
			);
			runOnlyForDeploymentPostprocessing = 0;
		};
		A74C17AA1DDBFDF900A3B899 /* Resources */ = {
			isa = PBXResourcesBuildPhase;
			buildActionMask = 2147483647;
			files = (
			);
			runOnlyForDeploymentPostprocessing = 0;
		};
		A74C17B51DDBFDF900A3B899 /* Resources */ = {
			isa = PBXResourcesBuildPhase;
			buildActionMask = 2147483647;
			files = (
			);
			runOnlyForDeploymentPostprocessing = 0;
		};
/* End PBXResourcesBuildPhase section */

/* Begin PBXSourcesBuildPhase section */
		A74C178F1DDBFDF900A3B899 /* Sources */ = {
			isa = PBXSourcesBuildPhase;
			buildActionMask = 2147483647;
			files = (
				A74C17FF1DDC2A1A00A3B899 /* MASViewConstraint.m in Sources */,
				A74C179B1DDBFDF900A3B899 /* AppDelegate.m in Sources */,
				A74C17FE1DDC2A1A00A3B899 /* MASViewAttribute.m in Sources */,
				A74C17DA1DDC286800A3B899 /* ActionBar.m in Sources */,
				A74C17D71DDC014D00A3B899 /* VC3.m in Sources */,
				A74C17981DDBFDF900A3B899 /* main.m in Sources */,
				A74C17FA1DDC2A1A00A3B899 /* MASCompositeConstraint.m in Sources */,
				A74C17FC1DDC2A1A00A3B899 /* MASConstraintMaker.m in Sources */,
				A74C180C1DDC663800A3B899 /* PushVC.m in Sources */,
				A74C18021DDC2A1A00A3B899 /* View+MASAdditions.m in Sources */,
				A74C17FD1DDC2A1A00A3B899 /* MASLayoutConstraint.m in Sources */,
				A74C18031DDC2A1A00A3B899 /* ViewController+MASAdditions.m in Sources */,
				A74C180F1DDD420600A3B899 /* Device.m in Sources */,
				A74C17FB1DDC2A1A00A3B899 /* MASConstraint.m in Sources */,
				A74C17DD1DDC28DB00A3B899 /* AppUtils.m in Sources */,
				A74C17D11DDC013900A3B899 /* VC1.m in Sources */,
				A74C18001DDC2A1A00A3B899 /* NSArray+MASAdditions.m in Sources */,
				A74C18011DDC2A1A00A3B899 /* NSLayoutConstraint+MASDebugAdditions.m in Sources */,
				A74C17D41DDC014300A3B899 /* VC2.m in Sources */,
				A74C17CE1DDC00CC00A3B899 /* MaintabbarController.m in Sources */,
				A74C17CB1DDBFEDF00A3B899 /* BaseNavigationController.m in Sources */,
			);
			runOnlyForDeploymentPostprocessing = 0;
		};
		A74C17A81DDBFDF900A3B899 /* Sources */ = {
			isa = PBXSourcesBuildPhase;
			buildActionMask = 2147483647;
			files = (
				A74C17B11DDBFDF900A3B899 /* ____NavigationTests.m in Sources */,
			);
			runOnlyForDeploymentPostprocessing = 0;
		};
		A74C17B31DDBFDF900A3B899 /* Sources */ = {
			isa = PBXSourcesBuildPhase;
			buildActionMask = 2147483647;
			files = (
				A74C17BC1DDBFDF900A3B899 /* ____NavigationUITests.m in Sources */,
			);
			runOnlyForDeploymentPostprocessing = 0;
		};
/* End PBXSourcesBuildPhase section */

/* Begin PBXTargetDependency section */
		A74C17AE1DDBFDF900A3B899 /* PBXTargetDependency */ = {
			isa = PBXTargetDependency;
			target = A74C17921DDBFDF900A3B899 /* 测试使用Navigation */;
			targetProxy = A74C17AD1DDBFDF900A3B899 /* PBXContainerItemProxy */;
		};
		A74C17B91DDBFDF900A3B899 /* PBXTargetDependency */ = {
			isa = PBXTargetDependency;
			target = A74C17921DDBFDF900A3B899 /* 测试使用Navigation */;
			targetProxy = A74C17B81DDBFDF900A3B899 /* PBXContainerItemProxy */;
		};
/* End PBXTargetDependency section */

/* Begin PBXVariantGroup section */
		A74C17A41DDBFDF900A3B899 /* LaunchScreen.storyboard */ = {
			isa = PBXVariantGroup;
			children = (
				A74C17A51DDBFDF900A3B899 /* Base */,
			);
			name = LaunchScreen.storyboard;
			sourceTree = "<group>";
		};
/* End PBXVariantGroup section */

/* Begin XCBuildConfiguration section */
		A74C17BE1DDBFDF900A3B899 /* Debug */ = {
			isa = XCBuildConfiguration;
			buildSettings = {
				ALWAYS_SEARCH_USER_PATHS = NO;
				CLANG_ANALYZER_NONNULL = YES;
				CLANG_CXX_LANGUAGE_STANDARD = "gnu++0x";
				CLANG_CXX_LIBRARY = "libc++";
				CLANG_ENABLE_MODULES = YES;
				CLANG_ENABLE_OBJC_ARC = YES;
				CLANG_WARN_BOOL_CONVERSION = YES;
				CLANG_WARN_CONSTANT_CONVERSION = YES;
				CLANG_WARN_DIRECT_OBJC_ISA_USAGE = YES_ERROR;
				CLANG_WARN_DOCUMENTATION_COMMENTS = YES;
				CLANG_WARN_EMPTY_BODY = YES;
				CLANG_WARN_ENUM_CONVERSION = YES;
				CLANG_WARN_INFINITE_RECURSION = YES;
				CLANG_WARN_INT_CONVERSION = YES;
				CLANG_WARN_OBJC_ROOT_CLASS = YES_ERROR;
				CLANG_WARN_SUSPICIOUS_MOVES = YES;
				CLANG_WARN_UNREACHABLE_CODE = YES;
				CLANG_WARN__DUPLICATE_METHOD_MATCH = YES;
				"CODE_SIGN_IDENTITY[sdk=iphoneos*]" = "iPhone Developer";
				COPY_PHASE_STRIP = NO;
				DEBUG_INFORMATION_FORMAT = dwarf;
				ENABLE_STRICT_OBJC_MSGSEND = YES;
				ENABLE_TESTABILITY = YES;
				GCC_C_LANGUAGE_STANDARD = gnu99;
				GCC_DYNAMIC_NO_PIC = NO;
				GCC_NO_COMMON_BLOCKS = YES;
				GCC_OPTIMIZATION_LEVEL = 0;
				GCC_PREPROCESSOR_DEFINITIONS = (
					"DEBUG=1",
					"$(inherited)",
				);
				GCC_WARN_64_TO_32_BIT_CONVERSION = YES;
				GCC_WARN_ABOUT_RETURN_TYPE = YES_ERROR;
				GCC_WARN_UNDECLARED_SELECTOR = YES;
				GCC_WARN_UNINITIALIZED_AUTOS = YES_AGGRESSIVE;
				GCC_WARN_UNUSED_FUNCTION = YES;
				GCC_WARN_UNUSED_VARIABLE = YES;
				IPHONEOS_DEPLOYMENT_TARGET = 10.1;
				MTL_ENABLE_DEBUG_INFO = YES;
				ONLY_ACTIVE_ARCH = YES;
				SDKROOT = iphoneos;
				TARGETED_DEVICE_FAMILY = "1,2";
			};
			name = Debug;
		};
		A74C17BF1DDBFDF900A3B899 /* Release */ = {
			isa = XCBuildConfiguration;
			buildSettings = {
				ALWAYS_SEARCH_USER_PATHS = NO;
				CLANG_ANALYZER_NONNULL = YES;
				CLANG_CXX_LANGUAGE_STANDARD = "gnu++0x";
				CLANG_CXX_LIBRARY = "libc++";
				CLANG_ENABLE_MODULES = YES;
				CLANG_ENABLE_OBJC_ARC = YES;
				CLANG_WARN_BOOL_CONVERSION = YES;
				CLANG_WARN_CONSTANT_CONVERSION = YES;
				CLANG_WARN_DIRECT_OBJC_ISA_USAGE = YES_ERROR;
				CLANG_WARN_DOCUMENTATION_COMMENTS = YES;
				CLANG_WARN_EMPTY_BODY = YES;
				CLANG_WARN_ENUM_CONVERSION = YES;
				CLANG_WARN_INFINITE_RECURSION = YES;
				CLANG_WARN_INT_CONVERSION = YES;
				CLANG_WARN_OBJC_ROOT_CLASS = YES_ERROR;
				CLANG_WARN_SUSPICIOUS_MOVES = YES;
				CLANG_WARN_UNREACHABLE_CODE = YES;
				CLANG_WARN__DUPLICATE_METHOD_MATCH = YES;
				"CODE_SIGN_IDENTITY[sdk=iphoneos*]" = "iPhone Developer";
				COPY_PHASE_STRIP = NO;
				DEBUG_INFORMATION_FORMAT = "dwarf-with-dsym";
				ENABLE_NS_ASSERTIONS = NO;
				ENABLE_STRICT_OBJC_MSGSEND = YES;
				GCC_C_LANGUAGE_STANDARD = gnu99;
				GCC_NO_COMMON_BLOCKS = YES;
				GCC_WARN_64_TO_32_BIT_CONVERSION = YES;
				GCC_WARN_ABOUT_RETURN_TYPE = YES_ERROR;
				GCC_WARN_UNDECLARED_SELECTOR = YES;
				GCC_WARN_UNINITIALIZED_AUTOS = YES_AGGRESSIVE;
				GCC_WARN_UNUSED_FUNCTION = YES;
				GCC_WARN_UNUSED_VARIABLE = YES;
				IPHONEOS_DEPLOYMENT_TARGET = 10.1;
				MTL_ENABLE_DEBUG_INFO = NO;
				SDKROOT = iphoneos;
				TARGETED_DEVICE_FAMILY = "1,2";
				VALIDATE_PRODUCT = YES;
			};
			name = Release;
		};
		A74C17C11DDBFDF900A3B899 /* Debug */ = {
			isa = XCBuildConfiguration;
			buildSettings = {
				ASSETCATALOG_COMPILER_APPICON_NAME = AppIcon;
				ASSETCATALOG_COMPILER_LAUNCHIMAGE_NAME = LaunchImage;
				DEVELOPMENT_TEAM = U54J3QSAHN;
				INFOPLIST_FILE = "测试使用Navigation/Info.plist";
				IPHONEOS_DEPLOYMENT_TARGET = 9.0;
				LD_RUNPATH_SEARCH_PATHS = "$(inherited) @executable_path/Frameworks";
				PRODUCT_BUNDLE_IDENTIFIER = "cjl.----Navigation";
				PRODUCT_NAME = "$(TARGET_NAME)";
				TARGETED_DEVICE_FAMILY = "1,2";
			};
			name = Debug;
		};
		A74C17C21DDBFDF900A3B899 /* Release */ = {
			isa = XCBuildConfiguration;
			buildSettings = {
				ASSETCATALOG_COMPILER_APPICON_NAME = AppIcon;
				ASSETCATALOG_COMPILER_LAUNCHIMAGE_NAME = LaunchImage;
				DEVELOPMENT_TEAM = U54J3QSAHN;
				INFOPLIST_FILE = "测试使用Navigation/Info.plist";
				IPHONEOS_DEPLOYMENT_TARGET = 9.0;
				LD_RUNPATH_SEARCH_PATHS = "$(inherited) @executable_path/Frameworks";
				PRODUCT_BUNDLE_IDENTIFIER = "cjl.----Navigation";
				PRODUCT_NAME = "$(TARGET_NAME)";
				TARGETED_DEVICE_FAMILY = "1,2";
			};
			name = Release;
		};
		A74C17C41DDBFDF900A3B899 /* Debug */ = {
			isa = XCBuildConfiguration;
			buildSettings = {
				BUNDLE_LOADER = "$(TEST_HOST)";
				DEVELOPMENT_TEAM = U54J3QSAHN;
				INFOPLIST_FILE = "测试使用NavigationTests/Info.plist";
				LD_RUNPATH_SEARCH_PATHS = "$(inherited) @executable_path/Frameworks @loader_path/Frameworks";
				PRODUCT_BUNDLE_IDENTIFIER = "cjl.----NavigationTests";
				PRODUCT_NAME = "$(TARGET_NAME)";
				TEST_HOST = "$(BUILT_PRODUCTS_DIR)/测试使用Navigation.app/测试使用Navigation";
			};
			name = Debug;
		};
		A74C17C51DDBFDF900A3B899 /* Release */ = {
			isa = XCBuildConfiguration;
			buildSettings = {
				BUNDLE_LOADER = "$(TEST_HOST)";
				DEVELOPMENT_TEAM = U54J3QSAHN;
				INFOPLIST_FILE = "测试使用NavigationTests/Info.plist";
				LD_RUNPATH_SEARCH_PATHS = "$(inherited) @executable_path/Frameworks @loader_path/Frameworks";
				PRODUCT_BUNDLE_IDENTIFIER = "cjl.----NavigationTests";
				PRODUCT_NAME = "$(TARGET_NAME)";
				TEST_HOST = "$(BUILT_PRODUCTS_DIR)/测试使用Navigation.app/测试使用Navigation";
			};
			name = Release;
		};
		A74C17C71DDBFDF900A3B899 /* Debug */ = {
			isa = XCBuildConfiguration;
			buildSettings = {
				DEVELOPMENT_TEAM = U54J3QSAHN;
				INFOPLIST_FILE = "测试使用NavigationUITests/Info.plist";
				LD_RUNPATH_SEARCH_PATHS = "$(inherited) @executable_path/Frameworks @loader_path/Frameworks";
				PRODUCT_BUNDLE_IDENTIFIER = "cjl.----NavigationUITests";
				PRODUCT_NAME = "$(TARGET_NAME)";
				TEST_TARGET_NAME = "测试使用Navigation";
			};
			name = Debug;
		};
		A74C17C81DDBFDF900A3B899 /* Release */ = {
			isa = XCBuildConfiguration;
			buildSettings = {
				DEVELOPMENT_TEAM = U54J3QSAHN;
				INFOPLIST_FILE = "测试使用NavigationUITests/Info.plist";
				LD_RUNPATH_SEARCH_PATHS = "$(inherited) @executable_path/Frameworks @loader_path/Frameworks";
				PRODUCT_BUNDLE_IDENTIFIER = "cjl.----NavigationUITests";
				PRODUCT_NAME = "$(TARGET_NAME)";
				TEST_TARGET_NAME = "测试使用Navigation";
			};
			name = Release;
		};
/* End XCBuildConfiguration section */

/* Begin XCConfigurationList section */
		A74C178E1DDBFDF900A3B899 /* Build configuration list for PBXProject "测试使用Navigation" */ = {
			isa = XCConfigurationList;
			buildConfigurations = (
				A74C17BE1DDBFDF900A3B899 /* Debug */,
				A74C17BF1DDBFDF900A3B899 /* Release */,
			);
			defaultConfigurationIsVisible = 0;
			defaultConfigurationName = Release;
		};
		A74C17C01DDBFDF900A3B899 /* Build configuration list for PBXNativeTarget "测试使用Navigation" */ = {
			isa = XCConfigurationList;
			buildConfigurations = (
				A74C17C11DDBFDF900A3B899 /* Debug */,
				A74C17C21DDBFDF900A3B899 /* Release */,
			);
			defaultConfigurationIsVisible = 0;
			defaultConfigurationName = Release;
		};
		A74C17C31DDBFDF900A3B899 /* Build configuration list for PBXNativeTarget "测试使用NavigationTests" */ = {
			isa = XCConfigurationList;
			buildConfigurations = (
				A74C17C41DDBFDF900A3B899 /* Debug */,
				A74C17C51DDBFDF900A3B899 /* Release */,
			);
			defaultConfigurationIsVisible = 0;
			defaultConfigurationName = Release;
		};
		A74C17C61DDBFDF900A3B899 /* Build configuration list for PBXNativeTarget "测试使用NavigationUITests" */ = {
			isa = XCConfigurationList;
			buildConfigurations = (
				A74C17C71DDBFDF900A3B899 /* Debug */,
				A74C17C81DDBFDF900A3B899 /* Release */,
			);
			defaultConfigurationIsVisible = 0;
			defaultConfigurationName = Release;
		};
/* End XCConfigurationList section */
	};
	rootObject = A74C178B1DDBFDF900A3B899 /* Project object */;
}
